
Microsoft Visual Studio Solution File, Format Version 12.00
# Visual Studio 15
VisualStudioVersion = 15.0.27703.2042
MinimumVisualStudioVersion = 10.0.40219.1
Project("{FAE04EC0-301F-11D3-BF4B-00C04F79EFBC}") = "WebChamThi", "WebChamThi\WebChamThi.csproj", "{483BB993-3F20-4AF7-B37A-6CEF32F93EBD}"
EndProject
Project("{FAE04EC0-301F-11D3-BF4B-00C04F79EFBC}") = "Interface", "Interface\Interface.csproj", "{D7C150D3-7F6E-4300-92D9-74F2F36BE799}"
EndProject
Project("{FAE04EC0-301F-11D3-BF4B-00C04F79EFBC}") = "DataAccess", "DataAccess\DataAccess.csproj", "{5941A087-A3B2-456F-AF64-8881ED9AA242}"
EndProject
Project("{FAE04EC0-301F-11D3-BF4B-00C04F79EFBC}") = "Common", "Common\Common.csproj", "{F3EDEF19-EC3C-4029-8F19-BD39C89DBF0F}"
EndProject
Project("{FAE04EC0-301F-11D3-BF4B-00C04F79EFBC}") = "CoreEntities", "Entities\CoreEntities.csproj", "{E0448B4D-6A1A-465B-AE71-7A0D7E53C0CA}"
EndProject
Project("{FAE04EC0-301F-11D3-BF4B-00C04F79EFBC}") = "CropImage", "CropImage\CropImage.csproj", "{55C8FA9B-C5D3-4C1E-A73A-571F3D1A3BDC}"
EndProject
Project("{2150E333-8FDC-42A3-9474-1A3956D46DE8}") = "Core", "Core", "{83BBFC66-D360-4FC0-99E5-D247055A2269}"
EndProject
Project("{2150E333-8FDC-42A3-9474-1A3956D46DE8}") = "Backup", "Backup", "{7BBE77C5-168F-4B21-B09F-BD6A4612B111}"
EndProject
Project("{2150E333-8FDC-42A3-9474-1A3956D46DE8}") = "Librany", "Librany", "{C5292DB2-6F6C-4071-B552-5ECE2703294B}"
EndProject
Project("{2150E333-8FDC-42A3-9474-1A3956D46DE8}") = "Test", "Test", "{59FBD3A8-528E-4C5C-81AA-6E89DF8F141D}"
EndProject
Project("{FAE04EC0-301F-11D3-BF4B-00C04F79EFBC}") = "ImageHelper", "ImageHelper\ImageHelper.csproj", "{9483A70F-4ABE-4635-9FBB-6F5D17D04DEA}"
EndProject
Global
	GlobalSection(SolutionConfigurationPlatforms) = preSolution
		Debug|Any CPU = Debug|Any CPU
		Release|Any CPU = Release|Any CPU
	EndGlobalSection
	GlobalSection(ProjectConfigurationPlatforms) = postSolution
		{483BB993-3F20-4AF7-B37A-6CEF32F93EBD}.Debug|Any CPU.ActiveCfg = Debug|Any CPU
		{483BB993-3F20-4AF7-B37A-6CEF32F93EBD}.Debug|Any CPU.Build.0 = Debug|Any CPU
		{483BB993-3F20-4AF7-B37A-6CEF32F93EBD}.Release|Any CPU.ActiveCfg = Release|Any CPU
		{483BB993-3F20-4AF7-B37A-6CEF32F93EBD}.Release|Any CPU.Build.0 = Release|Any CPU
		{D7C150D3-7F6E-4300-92D9-74F2F36BE799}.Debug|Any CPU.ActiveCfg = Debug|Any CPU
		{D7C150D3-7F6E-4300-92D9-74F2F36BE799}.Debug|Any CPU.Build.0 = Debug|Any CPU
		{D7C150D3-7F6E-4300-92D9-74F2F36BE799}.Release|Any CPU.ActiveCfg = Release|Any CPU
		{D7C150D3-7F6E-4300-92D9-74F2F36BE799}.Release|Any CPU.Build.0 = Release|Any CPU
		{5941A087-A3B2-456F-AF64-8881ED9AA242}.Debug|Any CPU.ActiveCfg = Debug|Any CPU
		{5941A087-A3B2-456F-AF64-8881ED9AA242}.Debug|Any CPU.Build.0 = Debug|Any CPU
		{5941A087-A3B2-456F-AF64-8881ED9AA242}.Release|Any CPU.ActiveCfg = Release|Any CPU
		{5941A087-A3B2-456F-AF64-8881ED9AA242}.Release|Any CPU.Build.0 = Release|Any CPU
		{F3EDEF19-EC3C-4029-8F19-BD39C89DBF0F}.Debug|Any CPU.ActiveCfg = Debug|Any CPU
		{F3EDEF19-EC3C-4029-8F19-BD39C89DBF0F}.Debug|Any CPU.Build.0 = Debug|Any CPU
		{F3EDEF19-EC3C-4029-8F19-BD39C89DBF0F}.Release|Any CPU.ActiveCfg = Release|Any CPU
		{F3EDEF19-EC3C-4029-8F19-BD39C89DBF0F}.Release|Any CPU.Build.0 = Release|Any CPU
		{E0448B4D-6A1A-465B-AE71-7A0D7E53C0CA}.Debug|Any CPU.ActiveCfg = Debug|Any CPU
		{E0448B4D-6A1A-465B-AE71-7A0D7E53C0CA}.Debug|Any CPU.Build.0 = Debug|Any CPU
		{E0448B4D-6A1A-465B-AE71-7A0D7E53C0CA}.Release|Any CPU.ActiveCfg = Release|Any CPU
		{E0448B4D-6A1A-465B-AE71-7A0D7E53C0CA}.Release|Any CPU.Build.0 = Release|Any CPU
		{55C8FA9B-C5D3-4C1E-A73A-571F3D1A3BDC}.Debug|Any CPU.ActiveCfg = Debug|Any CPU
		{55C8FA9B-C5D3-4C1E-A73A-571F3D1A3BDC}.Debug|Any CPU.Build.0 = Debug|Any CPU
		{55C8FA9B-C5D3-4C1E-A73A-571F3D1A3BDC}.Release|Any CPU.ActiveCfg = Release|Any CPU
		{55C8FA9B-C5D3-4C1E-A73A-571F3D1A3BDC}.Release|Any CPU.Build.0 = Release|Any CPU
		{9483A70F-4ABE-4635-9FBB-6F5D17D04DEA}.Debug|Any CPU.ActiveCfg = Debug|Any CPU
		{9483A70F-4ABE-4635-9FBB-6F5D17D04DEA}.Debug|Any CPU.Build.0 = Debug|Any CPU
		{9483A70F-4ABE-4635-9FBB-6F5D17D04DEA}.Release|Any CPU.ActiveCfg = Release|Any CPU
		{9483A70F-4ABE-4635-9FBB-6F5D17D04DEA}.Release|Any CPU.Build.0 = Release|Any CPU
	EndGlobalSection
	GlobalSection(SolutionProperties) = preSolution
		HideSolutionNode = FALSE
	EndGlobalSection
	GlobalSection(NestedProjects) = preSolution
		{483BB993-3F20-4AF7-B37A-6CEF32F93EBD} = {83BBFC66-D360-4FC0-99E5-D247055A2269}
		{D7C150D3-7F6E-4300-92D9-74F2F36BE799} = {83BBFC66-D360-4FC0-99E5-D247055A2269}
		{5941A087-A3B2-456F-AF64-8881ED9AA242} = {83BBFC66-D360-4FC0-99E5-D247055A2269}
		{F3EDEF19-EC3C-4029-8F19-BD39C89DBF0F} = {83BBFC66-D360-4FC0-99E5-D247055A2269}
		{E0448B4D-6A1A-465B-AE71-7A0D7E53C0CA} = {83BBFC66-D360-4FC0-99E5-D247055A2269}
	EndGlobalSection
	GlobalSection(ExtensibilityGlobals) = postSolution
		SolutionGuid = {0B3B4015-2107-4252-BCE5-D5A51EC6BDA7}
	EndGlobalSection
EndGlobal
